
Microsoft Visual Studio Solution File, Format Version 12.00
# Visual Studio 2012
Project("{FAE04EC0-301F-11D3-BF4B-00C04F79EFBC}") = "Echo", "Echo\Echo.csproj", "{65414388-1058-414C-910F-CBD58E2B064A}"
EndProject
Project("{FAE04EC0-301F-11D3-BF4B-00C04F79EFBC}") = "Count", "Count\Count.csproj", "{FD04ED82-2C8C-4D5C-9327-FB73482DD3D1}"
EndProject
Global
	GlobalSection(SolutionConfigurationPlatforms) = preSolution
		Debug|Any CPU = Debug|Any CPU
		Release|Any CPU = Release|Any CPU
	EndGlobalSection
	GlobalSection(ProjectConfigurationPlatforms) = postSolution
		{65414388-1058-414C-910F-CBD58E2B064A}.Debug|Any CPU.ActiveCfg = Debug|Any CPU
		{65414388-1058-414C-910F-CBD58E2B064A}.Debug|Any CPU.Build.0 = Debug|Any CPU
		{65414388-1058-414C-910F-CBD58E2B064A}.Release|Any CPU.ActiveCfg = Release|Any CPU
		{65414388-1058-414C-910F-CBD58E2B064A}.Release|Any CPU.Build.0 = Release|Any CPU
		{FD04ED82-2C8C-4D5C-9327-FB73482DD3D1}.Debug|Any CPU.ActiveCfg = Debug|Any CPU
		{FD04ED82-2C8C-4D5C-9327-FB73482DD3D1}.Debug|Any CPU.Build.0 = Debug|Any CPU
		{FD04ED82-2C8C-4D5C-9327-FB73482DD3D1}.Release|Any CPU.ActiveCfg = Release|Any CPU
		{FD04ED82-2C8C-4D5C-9327-FB73482DD3D1}.Release|Any CPU.Build.0 = Release|Any CPU
	EndGlobalSection
	GlobalSection(SolutionProperties) = preSolution
		HideSolutionNode = FALSE
	EndGlobalSection
EndGlobal
